# THIS IS AN AUTOGENERATED FILE. DO NOT EDIT THIS FILE DIRECTLY.
# yarn lockfile v1


"@babel/runtime@^7.3.1", "@babel/runtime@^7.4.2", "@babel/runtime@^7.4.5", "@babel/runtime@^7.5.5", "@babel/runtime@^7.6.3", "@babel/runtime@^7.8.7":
  version "7.9.6"
  resolved "https://registry.npmjs.org/@babel/runtime/-/runtime-7.9.6.tgz"
  dependencies:
    regenerator-runtime "^0.13.4"

"@next/env@13.0.3":
  version "13.0.3"
  resolved "https://registry.yarnpkg.com/@next/env/-/env-13.0.3.tgz#f2ecec9a6634aed28dca9e7b79bd65d9c516a1b4"

"@next/swc-android-arm-eabi@13.0.3":
  version "13.0.3"
  resolved "https://registry.yarnpkg.com/@next/swc-android-arm-eabi/-/swc-android-arm-eabi-13.0.3.tgz#87ce3b7d81ec198f5360f4393e5e03f112758696"

"@next/swc-android-arm64@13.0.3":
  version "13.0.3"
  resolved "https://registry.yarnpkg.com/@next/swc-android-arm64/-/swc-android-arm64-13.0.3.tgz#2029f759cb3e85082da15ced94704a68e390a0e9"

"@next/swc-darwin-arm64@13.0.3":
  version "13.0.3"
  resolved "https://registry.yarnpkg.com/@next/swc-darwin-arm64/-/swc-darwin-arm64-13.0.3.tgz#f5deafd3feccf7c24b81df9a6a06d4d13bec254f"

"@next/swc-darwin-x64@13.0.3":
  version "13.0.3"
  resolved "https://registry.yarnpkg.com/@next/swc-darwin-x64/-/swc-darwin-x64-13.0.3.tgz#4d4321c02b88fdd052e7a0cc8b3719ac16f8ad4b"

"@next/swc-freebsd-x64@13.0.3":
  version "13.0.3"
  resolved "https://registry.yarnpkg.com/@next/swc-freebsd-x64/-/swc-freebsd-x64-13.0.3.tgz#f2cbac9dc03172ef94275a6380cdd4d08024fcd4"

"@next/swc-linux-arm-gnueabihf@13.0.3":
  version "13.0.3"
  resolved "https://registry.yarnpkg.com/@next/swc-linux-arm-gnueabihf/-/swc-linux-arm-gnueabihf-13.0.3.tgz#1b12006a25518ddc6ee9c58852149f82639876cf"

"@next/swc-linux-arm64-gnu@13.0.3":
  version "13.0.3"
  resolved "https://registry.yarnpkg.com/@next/swc-linux-arm64-gnu/-/swc-linux-arm64-gnu-13.0.3.tgz#f44a34fc073b91ad2ab7dd757c063e764e642ddc"

"@next/swc-linux-arm64-musl@13.0.3":
  version "13.0.3"
  resolved "https://registry.yarnpkg.com/@next/swc-linux-arm64-musl/-/swc-linux-arm64-musl-13.0.3.tgz#5fd31e1149f151393b98239b5a6a96316459d19a"

"@next/swc-linux-x64-gnu@13.0.3":
  version "13.0.3"
  resolved "https://registry.yarnpkg.com/@next/swc-linux-x64-gnu/-/swc-linux-x64-gnu-13.0.3.tgz#a9b414123f26912fc830e5a65dd02e1ca56e2ead"

"@next/swc-linux-x64-musl@13.0.3":
  version "13.0.3"
  resolved "https://registry.yarnpkg.com/@next/swc-linux-x64-musl/-/swc-linux-x64-musl-13.0.3.tgz#113f896de5e818ab40e6ec046538203cdd07dab0"

"@next/swc-win32-arm64-msvc@13.0.3":
  version "13.0.3"
  resolved "https://registry.yarnpkg.com/@next/swc-win32-arm64-msvc/-/swc-win32-arm64-msvc-13.0.3.tgz#2ae5abe61f982a10f7742e97ac57f166751734aa"

"@next/swc-win32-ia32-msvc@13.0.3":
  version "13.0.3"
  resolved "https://registry.yarnpkg.com/@next/swc-win32-ia32-msvc/-/swc-win32-ia32-msvc-13.0.3.tgz#1a9c0d36c7dab1620257e85ada702c5acd9875d6"

"@next/swc-win32-x64-msvc@13.0.3":
  version "13.0.3"
  resolved "https://registry.yarnpkg.com/@next/swc-win32-x64-msvc/-/swc-win32-x64-msvc-13.0.3.tgz#7db0adbea7b4aafdbe2a7745d2c7c048903876ad"

"@popperjs/core@^2.0.0":
  version "2.4.0"
  resolved "https://registry.npmjs.org/@popperjs/core/-/core-2.4.0.tgz"

"@restart/context@^2.1.4":
  version "2.1.4"
  resolved "https://registry.npmjs.org/@restart/context/-/context-2.1.4.tgz"

"@restart/hooks@^0.3.12", "@restart/hooks@^0.3.21":
  version "0.3.25"
  resolved "https://registry.npmjs.org/@restart/hooks/-/hooks-0.3.25.tgz"
  dependencies:
    lodash "^4.17.15"
    lodash-es "^4.17.15"

"@swc/helpers@0.4.11":
  version "0.4.11"
  resolved "https://registry.yarnpkg.com/@swc/helpers/-/helpers-0.4.11.tgz#db23a376761b3d31c26502122f349a21b592c8de"
  dependencies:
    tslib "^2.4.0"

"@types/prop-types@*":
  version "15.7.3"
  resolved "https://registry.npmjs.org/@types/prop-types/-/prop-types-15.7.3.tgz"

"@types/react@^16.9.11", "@types/react@^16.9.23":
  version "16.9.35"
  resolved "https://registry.npmjs.org/@types/react/-/react-16.9.35.tgz"
  dependencies:
    "@types/prop-types" "*"
    csstype "^2.2.0"

"@types/warning@^3.0.0":
  version "3.0.0"
  resolved "https://registry.npmjs.org/@types/warning/-/warning-3.0.0.tgz"

ajv-keywords@^3.4.1:
  version "3.4.1"
  resolved "https://registry.npmjs.org/ajv-keywords/-/ajv-keywords-3.4.1.tgz"

ajv@^6.12.0:
  version "6.12.2"
  resolved "https://registry.npmjs.org/ajv/-/ajv-6.12.2.tgz"
  dependencies:
    fast-deep-equal "^3.1.1"
    fast-json-stable-stringify "^2.0.0"
    json-schema-traverse "^0.4.1"
    uri-js "^4.2.2"

anymatch@^2.0.0:
  version "2.0.0"
  resolved "https://registry.npmjs.org/anymatch/-/anymatch-2.0.0.tgz"
  dependencies:
    micromatch "^3.1.4"
    normalize-path "^2.1.1"

arr-diff@^4.0.0:
  version "4.0.0"
  resolved "https://registry.npmjs.org/arr-diff/-/arr-diff-4.0.0.tgz"

arr-flatten@^1.1.0:
  version "1.1.0"
  resolved "https://registry.npmjs.org/arr-flatten/-/arr-flatten-1.1.0.tgz"

arr-union@^3.1.0:
  version "3.1.0"
  resolved "https://registry.npmjs.org/arr-union/-/arr-union-3.1.0.tgz"

array-unique@^0.3.2:
  version "0.3.2"
  resolved "https://registry.npmjs.org/array-unique/-/array-unique-0.3.2.tgz"

assign-symbols@^1.0.0:
  version "1.0.0"
  resolved "https://registry.npmjs.org/assign-symbols/-/assign-symbols-1.0.0.tgz"

async-each@^1.0.1:
  version "1.0.3"
  resolved "https://registry.npmjs.org/async-each/-/async-each-1.0.3.tgz"

atob@^2.1.2:
  version "2.1.2"
  resolved "https://registry.npmjs.org/atob/-/atob-2.1.2.tgz"

base@^0.11.1:
  version "0.11.2"
  resolved "https://registry.npmjs.org/base/-/base-0.11.2.tgz"
  dependencies:
    cache-base "^1.0.1"
    class-utils "^0.3.5"
    component-emitter "^1.2.1"
    define-property "^1.0.0"
    isobject "^3.0.1"
    mixin-deep "^1.2.0"
    pascalcase "^0.1.1"

big.js@^5.2.2:
  version "5.2.2"
  resolved "https://registry.npmjs.org/big.js/-/big.js-5.2.2.tgz"

binary-extensions@^1.0.0:
  version "1.13.1"
  resolved "https://registry.npmjs.org/binary-extensions/-/binary-extensions-1.13.1.tgz"

bindings@^1.5.0:
  version "1.5.0"
  resolved "https://registry.npmjs.org/bindings/-/bindings-1.5.0.tgz"
  dependencies:
    file-uri-to-path "1.0.0"

bootstrap@^4.5.0:
  version "4.5.0"
  resolved "https://registry.npmjs.org/bootstrap/-/bootstrap-4.5.0.tgz"

braces@^2.3.1, braces@^2.3.2:
  version "2.3.2"
  resolved "https://registry.npmjs.org/braces/-/braces-2.3.2.tgz"
  dependencies:
    arr-flatten "^1.1.0"
    array-unique "^0.3.2"
    extend-shallow "^2.0.1"
    fill-range "^4.0.0"
    isobject "^3.0.1"
    repeat-element "^1.1.2"
    snapdragon "^0.8.1"
    snapdragon-node "^2.0.1"
    split-string "^3.0.2"
    to-regex "^3.0.1"

cache-base@^1.0.1:
  version "1.0.1"
  resolved "https://registry.npmjs.org/cache-base/-/cache-base-1.0.1.tgz"
  dependencies:
    collection-visit "^1.0.0"
    component-emitter "^1.2.1"
    get-value "^2.0.6"
    has-value "^1.0.0"
    isobject "^3.0.1"
    set-value "^2.0.0"
    to-object-path "^0.3.0"
    union-value "^1.0.0"
    unset-value "^1.0.0"

caniuse-lite@^1.0.30001406:
  version "1.0.30001431"
  resolved "https://registry.yarnpkg.com/caniuse-lite/-/caniuse-lite-1.0.30001431.tgz#e7c59bd1bc518fae03a4656be442ce6c4887a795"

"chokidar@>=2.0.0 <4.0.0":
  version "2.1.8"
  resolved "https://registry.npmjs.org/chokidar/-/chokidar-2.1.8.tgz"
  dependencies:
    anymatch "^2.0.0"
    async-each "^1.0.1"
    braces "^2.3.2"
    glob-parent "^3.1.0"
    inherits "^2.0.3"
    is-binary-path "^1.0.0"
    is-glob "^4.0.0"
    normalize-path "^3.0.0"
    path-is-absolute "^1.0.0"
    readdirp "^2.2.1"
    upath "^1.1.1"
  optionalDependencies:
    fsevents "^1.2.7"

class-utils@^0.3.5:
  version "0.3.6"
  resolved "https://registry.npmjs.org/class-utils/-/class-utils-0.3.6.tgz"
  dependencies:
    arr-union "^3.1.0"
    define-property "^0.2.5"
    isobject "^3.0.0"
    static-extend "^0.1.1"

classnames@^2.2.6:
  version "2.2.6"
  resolved "https://registry.npmjs.org/classnames/-/classnames-2.2.6.tgz"

client-only@0.0.1:
  version "0.0.1"
  resolved "https://registry.yarnpkg.com/client-only/-/client-only-0.0.1.tgz#38bba5d403c41ab150bff64a95c85013cf73bca1"

collection-visit@^1.0.0:
  version "1.0.0"
  resolved "https://registry.npmjs.org/collection-visit/-/collection-visit-1.0.0.tgz"
  dependencies:
    map-visit "^1.0.0"
    object-visit "^1.0.0"

component-emitter@^1.2.1:
  version "1.3.0"
  resolved "https://registry.npmjs.org/component-emitter/-/component-emitter-1.3.0.tgz"

copy-descriptor@^0.1.0:
  version "0.1.1"
  resolved "https://registry.npmjs.org/copy-descriptor/-/copy-descriptor-0.1.1.tgz"

core-util-is@~1.0.0:
  version "1.0.2"
  resolved "https://registry.npmjs.org/core-util-is/-/core-util-is-1.0.2.tgz"

csstype@^2.2.0, csstype@^2.6.7:
  version "2.6.10"
  resolved "https://registry.npmjs.org/csstype/-/csstype-2.6.10.tgz"

debug@^2.2.0, debug@^2.3.3:
  version "2.6.9"
  resolved "https://registry.npmjs.org/debug/-/debug-2.6.9.tgz"
  dependencies:
    ms "2.0.0"

decode-uri-component@^0.2.0:
  version "0.2.0"
  resolved "https://registry.npmjs.org/decode-uri-component/-/decode-uri-component-0.2.0.tgz"

define-property@^0.2.5:
  version "0.2.5"
  resolved "https://registry.npmjs.org/define-property/-/define-property-0.2.5.tgz"
  dependencies:
    is-descriptor "^0.1.0"

define-property@^1.0.0:
  version "1.0.0"
  resolved "https://registry.npmjs.org/define-property/-/define-property-1.0.0.tgz"
  dependencies:
    is-descriptor "^1.0.0"

define-property@^2.0.2:
  version "2.0.2"
  resolved "https://registry.npmjs.org/define-property/-/define-property-2.0.2.tgz"
  dependencies:
    is-descriptor "^1.0.2"
    isobject "^3.0.1"

dom-helpers@^5.0.1, dom-helpers@^5.1.0, dom-helpers@^5.1.2:
  version "5.1.4"
  resolved "https://registry.npmjs.org/dom-helpers/-/dom-helpers-5.1.4.tgz"
  dependencies:
    "@babel/runtime" "^7.8.7"
    csstype "^2.6.7"

emojis-list@^3.0.0:
  version "3.0.0"
  resolved "https://registry.npmjs.org/emojis-list/-/emojis-list-3.0.0.tgz"

expand-brackets@^2.1.4:
  version "2.1.4"
  resolved "https://registry.npmjs.org/expand-brackets/-/expand-brackets-2.1.4.tgz"
  dependencies:
    debug "^2.3.3"
    define-property "^0.2.5"
    extend-shallow "^2.0.1"
    posix-character-classes "^0.1.0"
    regex-not "^1.0.0"
    snapdragon "^0.8.1"
    to-regex "^3.0.1"

extend-shallow@^2.0.1:
  version "2.0.1"
  resolved "https://registry.npmjs.org/extend-shallow/-/extend-shallow-2.0.1.tgz"
  dependencies:
    is-extendable "^0.1.0"

extend-shallow@^3.0.0, extend-shallow@^3.0.2:
  version "3.0.2"
  resolved "https://registry.npmjs.org/extend-shallow/-/extend-shallow-3.0.2.tgz"
  dependencies:
    assign-symbols "^1.0.0"
    is-extendable "^1.0.1"

extglob@^2.0.4:
  version "2.0.4"
  resolved "https://registry.npmjs.org/extglob/-/extglob-2.0.4.tgz"
  dependencies:
    array-unique "^0.3.2"
    define-property "^1.0.0"
    expand-brackets "^2.1.4"
    extend-shallow "^2.0.1"
    fragment-cache "^0.2.1"
    regex-not "^1.0.0"
    snapdragon "^0.8.1"
    to-regex "^3.0.1"

fast-deep-equal@^3.1.1:
  version "3.1.1"
  resolved "https://registry.npmjs.org/fast-deep-equal/-/fast-deep-equal-3.1.1.tgz"

fast-json-stable-stringify@^2.0.0:
  version "2.1.0"
  resolved "https://registry.npmjs.org/fast-json-stable-stringify/-/fast-json-stable-stringify-2.1.0.tgz"

file-loader@^6.0.0:
  version "6.0.0"
  resolved "https://registry.npmjs.org/file-loader/-/file-loader-6.0.0.tgz"
  dependencies:
    loader-utils "^2.0.0"
    schema-utils "^2.6.5"

file-uri-to-path@1.0.0:
  version "1.0.0"
  resolved "https://registry.npmjs.org/file-uri-to-path/-/file-uri-to-path-1.0.0.tgz"

fill-range@^4.0.0:
  version "4.0.0"
  resolved "https://registry.npmjs.org/fill-range/-/fill-range-4.0.0.tgz"
  dependencies:
    extend-shallow "^2.0.1"
    is-number "^3.0.0"
    repeat-string "^1.6.1"
    to-regex-range "^2.1.0"

for-in@^1.0.2:
  version "1.0.2"
  resolved "https://registry.npmjs.org/for-in/-/for-in-1.0.2.tgz"

fragment-cache@^0.2.1:
  version "0.2.1"
  resolved "https://registry.npmjs.org/fragment-cache/-/fragment-cache-0.2.1.tgz"
  dependencies:
    map-cache "^0.2.2"

fsevents@^1.2.7:
  version "1.2.13"
  resolved "https://registry.npmjs.org/fsevents/-/fsevents-1.2.13.tgz"
  dependencies:
    bindings "^1.5.0"
    nan "^2.12.1"

get-value@^2.0.3, get-value@^2.0.6:
  version "2.0.6"
  resolved "https://registry.npmjs.org/get-value/-/get-value-2.0.6.tgz"

glob-parent@^3.1.0:
  version "3.1.0"
  resolved "https://registry.npmjs.org/glob-parent/-/glob-parent-3.1.0.tgz"
  dependencies:
    is-glob "^3.1.0"
    path-dirname "^1.0.0"

graceful-fs@^4.1.11:
  version "4.2.4"
  resolved "https://registry.npmjs.org/graceful-fs/-/graceful-fs-4.2.4.tgz"

has-value@^0.3.1:
  version "0.3.1"
  resolved "https://registry.npmjs.org/has-value/-/has-value-0.3.1.tgz"
  dependencies:
    get-value "^2.0.3"
    has-values "^0.1.4"
    isobject "^2.0.0"

has-value@^1.0.0:
  version "1.0.0"
  resolved "https://registry.npmjs.org/has-value/-/has-value-1.0.0.tgz"
  dependencies:
    get-value "^2.0.6"
    has-values "^1.0.0"
    isobject "^3.0.0"

has-values@^0.1.4:
  version "0.1.4"
  resolved "https://registry.npmjs.org/has-values/-/has-values-0.1.4.tgz"

has-values@^1.0.0:
  version "1.0.0"
  resolved "https://registry.npmjs.org/has-values/-/has-values-1.0.0.tgz"
  dependencies:
    is-number "^3.0.0"
    kind-of "^4.0.0"

he@1.1.1:
  version "1.1.1"
  resolved "https://registry.npmjs.org/he/-/he-1.1.1.tgz"

inherits@^2.0.3, inherits@~2.0.3:
  version "2.0.4"
  resolved "https://registry.npmjs.org/inherits/-/inherits-2.0.4.tgz"

invariant@^2.2.4:
  version "2.2.4"
  resolved "https://registry.npmjs.org/invariant/-/invariant-2.2.4.tgz"
  dependencies:
    loose-envify "^1.0.0"

is-accessor-descriptor@^0.1.6:
  version "0.1.6"
  resolved "https://registry.npmjs.org/is-accessor-descriptor/-/is-accessor-descriptor-0.1.6.tgz"
  dependencies:
    kind-of "^3.0.2"

is-accessor-descriptor@^1.0.0:
  version "1.0.0"
  resolved "https://registry.npmjs.org/is-accessor-descriptor/-/is-accessor-descriptor-1.0.0.tgz"
  dependencies:
    kind-of "^6.0.0"

is-binary-path@^1.0.0:
  version "1.0.1"
  resolved "https://registry.npmjs.org/is-binary-path/-/is-binary-path-1.0.1.tgz"
  dependencies:
    binary-extensions "^1.0.0"

is-buffer@^1.1.5:
  version "1.1.6"
  resolved "https://registry.npmjs.org/is-buffer/-/is-buffer-1.1.6.tgz"

is-data-descriptor@^0.1.4:
  version "0.1.4"
  resolved "https://registry.npmjs.org/is-data-descriptor/-/is-data-descriptor-0.1.4.tgz"
  dependencies:
    kind-of "^3.0.2"

is-data-descriptor@^1.0.0:
  version "1.0.0"
  resolved "https://registry.npmjs.org/is-data-descriptor/-/is-data-descriptor-1.0.0.tgz"
  dependencies:
    kind-of "^6.0.0"

is-descriptor@^0.1.0:
  version "0.1.6"
  resolved "https://registry.npmjs.org/is-descriptor/-/is-descriptor-0.1.6.tgz"
  dependencies:
    is-accessor-descriptor "^0.1.6"
    is-data-descriptor "^0.1.4"
    kind-of "^5.0.0"

is-descriptor@^1.0.0, is-descriptor@^1.0.2:
  version "1.0.2"
  resolved "https://registry.npmjs.org/is-descriptor/-/is-descriptor-1.0.2.tgz"
  dependencies:
    is-accessor-descriptor "^1.0.0"
    is-data-descriptor "^1.0.0"
    kind-of "^6.0.2"

is-extendable@^0.1.0, is-extendable@^0.1.1:
  version "0.1.1"
  resolved "https://registry.npmjs.org/is-extendable/-/is-extendable-0.1.1.tgz"

is-extendable@^1.0.1:
  version "1.0.1"
  resolved "https://registry.npmjs.org/is-extendable/-/is-extendable-1.0.1.tgz"
  dependencies:
    is-plain-object "^2.0.4"

is-extglob@^2.1.0, is-extglob@^2.1.1:
  version "2.1.1"
  resolved "https://registry.npmjs.org/is-extglob/-/is-extglob-2.1.1.tgz"

is-glob@^3.1.0:
  version "3.1.0"
  resolved "https://registry.npmjs.org/is-glob/-/is-glob-3.1.0.tgz"
  dependencies:
    is-extglob "^2.1.0"

is-glob@^4.0.0:
  version "4.0.1"
  resolved "https://registry.npmjs.org/is-glob/-/is-glob-4.0.1.tgz"
  dependencies:
    is-extglob "^2.1.1"

is-number@^3.0.0:
  version "3.0.0"
  resolved "https://registry.npmjs.org/is-number/-/is-number-3.0.0.tgz"
  dependencies:
    kind-of "^3.0.2"

is-plain-object@^2.0.3, is-plain-object@^2.0.4:
  version "2.0.4"
  resolved "https://registry.npmjs.org/is-plain-object/-/is-plain-object-2.0.4.tgz"
  dependencies:
    isobject "^3.0.1"

is-windows@^1.0.2:
  version "1.0.2"
  resolved "https://registry.npmjs.org/is-windows/-/is-windows-1.0.2.tgz"

isarray@1.0.0, isarray@~1.0.0:
  version "1.0.0"
  resolved "https://registry.npmjs.org/isarray/-/isarray-1.0.0.tgz"

isobject@^2.0.0:
  version "2.1.0"
  resolved "https://registry.npmjs.org/isobject/-/isobject-2.1.0.tgz"
  dependencies:
    isarray "1.0.0"

isobject@^3.0.0, isobject@^3.0.1:
  version "3.0.1"
  resolved "https://registry.npmjs.org/isobject/-/isobject-3.0.1.tgz"

"js-tokens@^3.0.0 || ^4.0.0":
  version "4.0.0"
  resolved "https://registry.npmjs.org/js-tokens/-/js-tokens-4.0.0.tgz"

json-schema-traverse@^0.4.1:
  version "0.4.1"
  resolved "https://registry.npmjs.org/json-schema-traverse/-/json-schema-traverse-0.4.1.tgz"

json5@^2.1.2:
  version "2.1.3"
  resolved "https://registry.npmjs.org/json5/-/json5-2.1.3.tgz"
  dependencies:
    minimist "^1.2.5"

kind-of@^3.0.2, kind-of@^3.0.3, kind-of@^3.2.0:
  version "3.2.2"
  resolved "https://registry.npmjs.org/kind-of/-/kind-of-3.2.2.tgz"
  dependencies:
    is-buffer "^1.1.5"

kind-of@^4.0.0:
  version "4.0.0"
  resolved "https://registry.npmjs.org/kind-of/-/kind-of-4.0.0.tgz"
  dependencies:
    is-buffer "^1.1.5"

kind-of@^5.0.0:
  version "5.1.0"
  resolved "https://registry.npmjs.org/kind-of/-/kind-of-5.1.0.tgz"

kind-of@^6.0.0, kind-of@^6.0.2:
  version "6.0.3"
  resolved "https://registry.npmjs.org/kind-of/-/kind-of-6.0.3.tgz"

loader-utils@^2.0.0:
  version "2.0.0"
  resolved "https://registry.npmjs.org/loader-utils/-/loader-utils-2.0.0.tgz"
  dependencies:
    big.js "^5.2.2"
    emojis-list "^3.0.0"
    json5 "^2.1.2"

lodash-es@^4.17.15:
  version "4.17.15"
  resolved "https://registry.npmjs.org/lodash-es/-/lodash-es-4.17.15.tgz"

lodash@^4.17.15:
  version "4.17.15"
  resolved "https://registry.npmjs.org/lodash/-/lodash-4.17.15.tgz"

loose-envify@^1.0.0, loose-envify@^1.1.0, loose-envify@^1.4.0:
  version "1.4.0"
  resolved "https://registry.npmjs.org/loose-envify/-/loose-envify-1.4.0.tgz"
  dependencies:
    js-tokens "^3.0.0 || ^4.0.0"

map-cache@^0.2.2:
  version "0.2.2"
  resolved "https://registry.npmjs.org/map-cache/-/map-cache-0.2.2.tgz"

map-visit@^1.0.0:
  version "1.0.0"
  resolved "https://registry.npmjs.org/map-visit/-/map-visit-1.0.0.tgz"
  dependencies:
    object-visit "^1.0.0"

micromatch@^3.1.10, micromatch@^3.1.4:
  version "3.1.10"
  resolved "https://registry.npmjs.org/micromatch/-/micromatch-3.1.10.tgz"
  dependencies:
    arr-diff "^4.0.0"
    array-unique "^0.3.2"
    braces "^2.3.1"
    define-property "^2.0.2"
    extend-shallow "^3.0.2"
    extglob "^2.0.4"
    fragment-cache "^0.2.1"
    kind-of "^6.0.2"
    nanomatch "^1.2.9"
    object.pick "^1.3.0"
    regex-not "^1.0.0"
    snapdragon "^0.8.1"
    to-regex "^3.0.2"

mime-db@1.44.0:
  version "1.44.0"
  resolved "https://registry.npmjs.org/mime-db/-/mime-db-1.44.0.tgz"

mime-types@^2.1.26:
  version "2.1.27"
  resolved "https://registry.npmjs.org/mime-types/-/mime-types-2.1.27.tgz"
  dependencies:
    mime-db "1.44.0"

minimist@^1.2.5:
  version "1.2.5"
  resolved "https://registry.npmjs.org/minimist/-/minimist-1.2.5.tgz"

mixin-deep@^1.2.0:
  version "1.3.2"
  resolved "https://registry.npmjs.org/mixin-deep/-/mixin-deep-1.3.2.tgz"
  dependencies:
    for-in "^1.0.2"
    is-extendable "^1.0.1"

moment@^2.26.0:
  version "2.26.0"
  resolved "https://registry.npmjs.org/moment/-/moment-2.26.0.tgz"

ms@2.0.0:
  version "2.0.0"
  resolved "https://registry.npmjs.org/ms/-/ms-2.0.0.tgz"

nan@^2.12.1:
  version "2.14.1"
  resolved "https://registry.npmjs.org/nan/-/nan-2.14.1.tgz"

nanoid@^3.3.4:
  version "3.3.4"
  resolved "https://registry.yarnpkg.com/nanoid/-/nanoid-3.3.4.tgz#730b67e3cd09e2deacf03c027c81c9d9dbc5e8ab"

nanomatch@^1.2.9:
  version "1.2.13"
  resolved "https://registry.npmjs.org/nanomatch/-/nanomatch-1.2.13.tgz"
  dependencies:
    arr-diff "^4.0.0"
    array-unique "^0.3.2"
    define-property "^2.0.2"
    extend-shallow "^3.0.2"
    fragment-cache "^0.2.1"
    is-windows "^1.0.2"
    kind-of "^6.0.2"
    object.pick "^1.3.0"
    regex-not "^1.0.0"
    snapdragon "^0.8.1"
    to-regex "^3.0.1"

next-images@^1.4.0:
  version "1.4.0"
  resolved "https://registry.npmjs.org/next-images/-/next-images-1.4.0.tgz"
  dependencies:
    file-loader "^6.0.0"
    url-loader "^4.0.0"

next@13.0.3:
  version "13.0.3"
  resolved "https://registry.yarnpkg.com/next/-/next-13.0.3.tgz#577e2f7cdd9c9dba79353cd57fd854fe7e506a44"
  dependencies:
    "@next/env" "13.0.3"
    "@swc/helpers" "0.4.11"
    caniuse-lite "^1.0.30001406"
    postcss "8.4.14"
    styled-jsx "5.1.0"
    use-sync-external-store "1.2.0"
  optionalDependencies:
    "@next/swc-android-arm-eabi" "13.0.3"
    "@next/swc-android-arm64" "13.0.3"
    "@next/swc-darwin-arm64" "13.0.3"
    "@next/swc-darwin-x64" "13.0.3"
    "@next/swc-freebsd-x64" "13.0.3"
    "@next/swc-linux-arm-gnueabihf" "13.0.3"
    "@next/swc-linux-arm64-gnu" "13.0.3"
    "@next/swc-linux-arm64-musl" "13.0.3"
    "@next/swc-linux-x64-gnu" "13.0.3"
    "@next/swc-linux-x64-musl" "13.0.3"
    "@next/swc-win32-arm64-msvc" "13.0.3"
    "@next/swc-win32-ia32-msvc" "13.0.3"
    "@next/swc-win32-x64-msvc" "13.0.3"

node-html-parser@^1.2.17:
  version "1.2.17"
  resolved "https://registry.npmjs.org/node-html-parser/-/node-html-parser-1.2.17.tgz"
  dependencies:
    he "1.1.1"

normalize-path@^2.1.1:
  version "2.1.1"
  resolved "https://registry.npmjs.org/normalize-path/-/normalize-path-2.1.1.tgz"
  dependencies:
    remove-trailing-separator "^1.0.1"

normalize-path@^3.0.0:
  version "3.0.0"
  resolved "https://registry.npmjs.org/normalize-path/-/normalize-path-3.0.0.tgz"

object-assign@^4.1.1:
  version "4.1.1"
  resolved "https://registry.npmjs.org/object-assign/-/object-assign-4.1.1.tgz"

object-copy@^0.1.0:
  version "0.1.0"
  resolved "https://registry.npmjs.org/object-copy/-/object-copy-0.1.0.tgz"
  dependencies:
    copy-descriptor "^0.1.0"
    define-property "^0.2.5"
    kind-of "^3.0.3"

object-visit@^1.0.0:
  version "1.0.1"
  resolved "https://registry.npmjs.org/object-visit/-/object-visit-1.0.1.tgz"
  dependencies:
    isobject "^3.0.0"

object.pick@^1.3.0:
  version "1.3.0"
  resolved "https://registry.npmjs.org/object.pick/-/object.pick-1.3.0.tgz"
  dependencies:
    isobject "^3.0.1"

pascalcase@^0.1.1:
  version "0.1.1"
  resolved "https://registry.npmjs.org/pascalcase/-/pascalcase-0.1.1.tgz"

path-dirname@^1.0.0:
  version "1.0.2"
  resolved "https://registry.npmjs.org/path-dirname/-/path-dirname-1.0.2.tgz"

path-is-absolute@^1.0.0:
  version "1.0.1"
  resolved "https://registry.npmjs.org/path-is-absolute/-/path-is-absolute-1.0.1.tgz"

picocolors@^1.0.0:
  version "1.0.0"
  resolved "https://registry.yarnpkg.com/picocolors/-/picocolors-1.0.0.tgz#cb5bdc74ff3f51892236eaf79d68bc44564ab81c"

posix-character-classes@^0.1.0:
  version "0.1.1"
  resolved "https://registry.npmjs.org/posix-character-classes/-/posix-character-classes-0.1.1.tgz"

postcss@8.4.14:
  version "8.4.14"
  resolved "https://registry.yarnpkg.com/postcss/-/postcss-8.4.14.tgz#ee9274d5622b4858c1007a74d76e42e56fd21caf"
  dependencies:
    nanoid "^3.3.4"
    picocolors "^1.0.0"
    source-map-js "^1.0.2"

process-nextick-args@~2.0.0:
  version "2.0.1"
  resolved "https://registry.npmjs.org/process-nextick-args/-/process-nextick-args-2.0.1.tgz"

prop-types-extra@^1.1.0:
  version "1.1.1"
  resolved "https://registry.npmjs.org/prop-types-extra/-/prop-types-extra-1.1.1.tgz"
  dependencies:
    react-is "^16.3.2"
    warning "^4.0.0"

prop-types@^15.5.8, prop-types@^15.6.2, prop-types@^15.7.2:
  version "15.7.2"
  resolved "https://registry.npmjs.org/prop-types/-/prop-types-15.7.2.tgz"
  dependencies:
    loose-envify "^1.4.0"
    object-assign "^4.1.1"
    react-is "^16.8.1"

punycode@^2.1.0:
  version "2.1.1"
  resolved "https://registry.npmjs.org/punycode/-/punycode-2.1.1.tgz"

react-bootstrap@^1.0.1:
  version "1.0.1"
  resolved "https://registry.npmjs.org/react-bootstrap/-/react-bootstrap-1.0.1.tgz"
  dependencies:
    "@babel/runtime" "^7.4.2"
    "@restart/context" "^2.1.4"
    "@restart/hooks" "^0.3.21"
    "@types/react" "^16.9.23"
    classnames "^2.2.6"
    dom-helpers "^5.1.2"
    invariant "^2.2.4"
    prop-types "^15.7.2"
    prop-types-extra "^1.1.0"
    react-overlays "^3.1.2"
    react-transition-group "^4.0.0"
    uncontrollable "^7.0.0"
    warning "^4.0.3"

react-dom@16.13.1:
  version "16.13.1"
  resolved "https://registry.npmjs.org/react-dom/-/react-dom-16.13.1.tgz"
  dependencies:
    loose-envify "^1.1.0"
    object-assign "^4.1.1"
    prop-types "^15.6.2"
    scheduler "^0.19.1"

react-feather@^2.0.8:
  version "2.0.8"
  resolved "https://registry.npmjs.org/react-feather/-/react-feather-2.0.8.tgz"
  dependencies:
    prop-types "^15.7.2"

react-ga@^2.7.0:
  version "2.7.0"
  resolved "https://registry.npmjs.org/react-ga/-/react-ga-2.7.0.tgz"

react-is@^16.3.2, react-is@^16.8.1:
  version "16.13.1"
  resolved "https://registry.npmjs.org/react-is/-/react-is-16.13.1.tgz"

react-lifecycles-compat@^3.0.4:
  version "3.0.4"
  resolved "https://registry.npmjs.org/react-lifecycles-compat/-/react-lifecycles-compat-3.0.4.tgz"

react-overlays@^3.1.2:
  version "3.2.0"
  resolved "https://registry.npmjs.org/react-overlays/-/react-overlays-3.2.0.tgz"
  dependencies:
    "@babel/runtime" "^7.4.5"
    "@popperjs/core" "^2.0.0"
    "@restart/hooks" "^0.3.12"
    "@types/warning" "^3.0.0"
    dom-helpers "^5.1.0"
    prop-types "^15.7.2"
    uncontrollable "^7.0.0"
    warning "^4.0.3"

react-spring@^8.0.27:
  version "8.0.27"
  resolved "https://registry.npmjs.org/react-spring/-/react-spring-8.0.27.tgz"
  dependencies:
    "@babel/runtime" "^7.3.1"
    prop-types "^15.5.8"

react-transition-group@^4.0.0:
  version "4.4.1"
  resolved "https://registry.npmjs.org/react-transition-group/-/react-transition-group-4.4.1.tgz"
  dependencies:
    "@babel/runtime" "^7.5.5"
    dom-helpers "^5.0.1"
    loose-envify "^1.4.0"
    prop-types "^15.6.2"

react@16.13.1:
  version "16.13.1"
  resolved "https://registry.npmjs.org/react/-/react-16.13.1.tgz"
  dependencies:
    loose-envify "^1.1.0"
    object-assign "^4.1.1"
    prop-types "^15.6.2"

readable-stream@^2.0.2:
  version "2.3.7"
  resolved "https://registry.npmjs.org/readable-stream/-/readable-stream-2.3.7.tgz"
  dependencies:
    core-util-is "~1.0.0"
    inherits "~2.0.3"
    isarray "~1.0.0"
    process-nextick-args "~2.0.0"
    safe-buffer "~5.1.1"
    string_decoder "~1.1.1"
    util-deprecate "~1.0.1"

readdirp@^2.2.1:
  version "2.2.1"
  resolved "https://registry.npmjs.org/readdirp/-/readdirp-2.2.1.tgz"
  dependencies:
    graceful-fs "^4.1.11"
    micromatch "^3.1.10"
    readable-stream "^2.0.2"

reading-time@^1.2.0:
  version "1.2.0"
  resolved "https://registry.npmjs.org/reading-time/-/reading-time-1.2.0.tgz"

regenerator-runtime@^0.13.4:
  version "0.13.5"
  resolved "https://registry.npmjs.org/regenerator-runtime/-/regenerator-runtime-0.13.5.tgz"

regex-not@^1.0.0, regex-not@^1.0.2:
  version "1.0.2"
  resolved "https://registry.npmjs.org/regex-not/-/regex-not-1.0.2.tgz"
  dependencies:
    extend-shallow "^3.0.2"
    safe-regex "^1.1.0"

remove-trailing-separator@^1.0.1:
  version "1.1.0"
  resolved "https://registry.npmjs.org/remove-trailing-separator/-/remove-trailing-separator-1.1.0.tgz"

repeat-element@^1.1.2:
  version "1.1.3"
  resolved "https://registry.npmjs.org/repeat-element/-/repeat-element-1.1.3.tgz"

repeat-string@^1.6.1:
  version "1.6.1"
  resolved "https://registry.npmjs.org/repeat-string/-/repeat-string-1.6.1.tgz"

resolve-url@^0.2.1:
  version "0.2.1"
  resolved "https://registry.npmjs.org/resolve-url/-/resolve-url-0.2.1.tgz"

ret@~0.1.10:
  version "0.1.15"
  resolved "https://registry.npmjs.org/ret/-/ret-0.1.15.tgz"

safe-buffer@~5.1.0, safe-buffer@~5.1.1:
  version "5.1.2"
  resolved "https://registry.npmjs.org/safe-buffer/-/safe-buffer-5.1.2.tgz"

safe-regex@^1.1.0:
  version "1.1.0"
  resolved "https://registry.npmjs.org/safe-regex/-/safe-regex-1.1.0.tgz"
  dependencies:
    ret "~0.1.10"

sass@^1.26.5:
  version "1.26.5"
  resolved "https://registry.npmjs.org/sass/-/sass-1.26.5.tgz"
  dependencies:
    chokidar ">=2.0.0 <4.0.0"

scheduler@^0.19.1:
  version "0.19.1"
  resolved "https://registry.npmjs.org/scheduler/-/scheduler-0.19.1.tgz"
  dependencies:
    loose-envify "^1.1.0"
    object-assign "^4.1.1"

schema-utils@^2.6.5:
  version "2.6.6"
  resolved "https://registry.npmjs.org/schema-utils/-/schema-utils-2.6.6.tgz"
  dependencies:
    ajv "^6.12.0"
    ajv-keywords "^3.4.1"

set-value@^2.0.0, set-value@^2.0.1:
  version "2.0.1"
  resolved "https://registry.npmjs.org/set-value/-/set-value-2.0.1.tgz"
  dependencies:
    extend-shallow "^2.0.1"
    is-extendable "^0.1.1"
    is-plain-object "^2.0.3"
    split-string "^3.0.1"

snapdragon-node@^2.0.1:
  version "2.1.1"
  resolved "https://registry.npmjs.org/snapdragon-node/-/snapdragon-node-2.1.1.tgz"
  dependencies:
    define-property "^1.0.0"
    isobject "^3.0.0"
    snapdragon-util "^3.0.1"

snapdragon-util@^3.0.1:
  version "3.0.1"
  resolved "https://registry.npmjs.org/snapdragon-util/-/snapdragon-util-3.0.1.tgz"
  dependencies:
    kind-of "^3.2.0"

snapdragon@^0.8.1:
  version "0.8.2"
  resolved "https://registry.npmjs.org/snapdragon/-/snapdragon-0.8.2.tgz"
  dependencies:
    base "^0.11.1"
    debug "^2.2.0"
    define-property "^0.2.5"
    extend-shallow "^2.0.1"
    map-cache "^0.2.2"
    source-map "^0.5.6"
    source-map-resolve "^0.5.0"
    use "^3.1.0"

source-map-js@^1.0.2:
  version "1.0.2"
  resolved "https://registry.yarnpkg.com/source-map-js/-/source-map-js-1.0.2.tgz#adbc361d9c62df380125e7f161f71c826f1e490c"

source-map-resolve@^0.5.0:
  version "0.5.3"
  resolved "https://registry.npmjs.org/source-map-resolve/-/source-map-resolve-0.5.3.tgz"
  dependencies:
    atob "^2.1.2"
    decode-uri-component "^0.2.0"
    resolve-url "^0.2.1"
    source-map-url "^0.4.0"
    urix "^0.1.0"

source-map-url@^0.4.0:
  version "0.4.0"
  resolved "https://registry.npmjs.org/source-map-url/-/source-map-url-0.4.0.tgz"

source-map@^0.5.6:
  version "0.5.7"
  resolved "https://registry.npmjs.org/source-map/-/source-map-0.5.7.tgz"

split-string@^3.0.1, split-string@^3.0.2:
  version "3.1.0"
  resolved "https://registry.npmjs.org/split-string/-/split-string-3.1.0.tgz"
  dependencies:
    extend-shallow "^3.0.0"

static-extend@^0.1.1:
  version "0.1.2"
  resolved "https://registry.npmjs.org/static-extend/-/static-extend-0.1.2.tgz"
  dependencies:
    define-property "^0.2.5"
    object-copy "^0.1.0"

string_decoder@~1.1.1:
  version "1.1.1"
  resolved "https://registry.npmjs.org/string_decoder/-/string_decoder-1.1.1.tgz"
  dependencies:
    safe-buffer "~5.1.0"

styled-jsx@5.1.0:
  version "5.1.0"
  resolved "https://registry.yarnpkg.com/styled-jsx/-/styled-jsx-5.1.0.tgz#4a5622ab9714bd3fcfaeec292aa555871f057563"
  dependencies:
    client-only "0.0.1"

to-object-path@^0.3.0:
  version "0.3.0"
  resolved "https://registry.npmjs.org/to-object-path/-/to-object-path-0.3.0.tgz"
  dependencies:
    kind-of "^3.0.2"

to-regex-range@^2.1.0:
  version "2.1.1"
  resolved "https://registry.npmjs.org/to-regex-range/-/to-regex-range-2.1.1.tgz"
  dependencies:
    is-number "^3.0.0"
    repeat-string "^1.6.1"

to-regex@^3.0.1, to-regex@^3.0.2:
  version "3.0.2"
  resolved "https://registry.npmjs.org/to-regex/-/to-regex-3.0.2.tgz"
  dependencies:
    define-property "^2.0.2"
    extend-shallow "^3.0.2"
    regex-not "^1.0.2"
    safe-regex "^1.1.0"

tslib@^2.4.0:
  version "2.4.1"
  resolved "https://registry.yarnpkg.com/tslib/-/tslib-2.4.1.tgz#0d0bfbaac2880b91e22df0768e55be9753a5b17e"

uncontrollable@^7.0.0:
  version "7.1.1"
  resolved "https://registry.npmjs.org/uncontrollable/-/uncontrollable-7.1.1.tgz"
  dependencies:
    "@babel/runtime" "^7.6.3"
    "@types/react" "^16.9.11"
    invariant "^2.2.4"
    react-lifecycles-compat "^3.0.4"

union-value@^1.0.0:
  version "1.0.1"
  resolved "https://registry.npmjs.org/union-value/-/union-value-1.0.1.tgz"
  dependencies:
    arr-union "^3.1.0"
    get-value "^2.0.6"
    is-extendable "^0.1.1"
    set-value "^2.0.1"

unset-value@^1.0.0:
  version "1.0.0"
  resolved "https://registry.npmjs.org/unset-value/-/unset-value-1.0.0.tgz"
  dependencies:
    has-value "^0.3.1"
    isobject "^3.0.0"

upath@^1.1.1:
  version "1.2.0"
  resolved "https://registry.npmjs.org/upath/-/upath-1.2.0.tgz"

uri-js@^4.2.2:
  version "4.2.2"
  resolved "https://registry.npmjs.org/uri-js/-/uri-js-4.2.2.tgz"
  dependencies:
    punycode "^2.1.0"

urix@^0.1.0:
  version "0.1.0"
  resolved "https://registry.npmjs.org/urix/-/urix-0.1.0.tgz"

url-loader@^4.0.0:
  version "4.1.0"
  resolved "https://registry.npmjs.org/url-loader/-/url-loader-4.1.0.tgz"
  dependencies:
    loader-utils "^2.0.0"
    mime-types "^2.1.26"
    schema-utils "^2.6.5"

use-sync-external-store@1.2.0:
  version "1.2.0"
  resolved "https://registry.yarnpkg.com/use-sync-external-store/-/use-sync-external-store-1.2.0.tgz#7dbefd6ef3fe4e767a0cf5d7287aacfb5846928a"

use@^3.1.0:
  version "3.1.1"
  resolved "https://registry.npmjs.org/use/-/use-3.1.1.tgz"

util-deprecate@~1.0.1:
  version "1.0.2"
  resolved "https://registry.npmjs.org/util-deprecate/-/util-deprecate-1.0.2.tgz"

warning@^4.0.0, warning@^4.0.3:
  version "4.0.3"
  resolved "https://registry.npmjs.org/warning/-/warning-4.0.3.tgz"
  dependencies:
    loose-envify "^1.0.0"
